PODS:
  - AFNetworking (2.6.3):
    - AFNetworking/NSURLConnection (= 2.6.3)
    - AFNetworking/NSURLSession (= 2.6.3)
    - AFNetworking/Reachability (= 2.6.3)
    - AFNetworking/Security (= 2.6.3)
    - AFNetworking/Serialization (= 2.6.3)
    - AFNetworking/UIKit (= 2.6.3)
  - AFNetworking/NSURLConnection (2.6.3):
    - AFNetworking/Reachability
    - AFNetworking/Security
    - AFNetworking/Serialization
  - AFNetworking/NSURLSession (2.6.3):
    - AFNetworking/Reachability
    - AFNetworking/Security
    - AFNetworking/Serialization
  - AFNetworking/Reachability (2.6.3)
  - AFNetworking/Security (2.6.3)
  - AFNetworking/Serialization (2.6.3)
  - AFNetworking/UIKit (2.6.3):
    - AFNetworking/NSURLConnection
    - AFNetworking/NSURLSession
  - ErrorHandler (0.1.0):
    - AFNetworking
  - Expecta (1.0.5)
  - Specta (1.0.5)

DEPENDENCIES:
  - ErrorHandler (from `../`)
  - Expecta
  - Specta

EXTERNAL SOURCES:
  ErrorHandler:
    :path: "../"

SPEC CHECKSUMS:
  AFNetworking: cb8d14a848e831097108418f5d49217339d4eb60
  ErrorHandler: d835a0736fc1ebe8b62d19d79e0d1c5fea2a2d00
  Expecta: e1c022fcd33910b6be89c291d2775b3fe27a89fe
  Specta: ac94d110b865115fe60ff2c6d7281053c6f8e8a2

COCOAPODS: 0.39.0.rc.1
